// !$*UTF8*$!
{
	archiveVersion = 1;
	classes = {
	};
	objectVersion = 52;
	objects = {

/* Begin PBXBuildFile section */
		34269D5F25F458D200C6FAC8 /* UIColor+Inverted.swift in Sources */ = {isa = PBXBuildFile; fileRef = 34269D5E25F458D200C6FAC8 /* UIColor+Inverted.swift */; };
		34269D6225F4593A00C6FAC8 /* UITraitCollection+Inverted.swift in Sources */ = {isa = PBXBuildFile; fileRef = 34269D6125F4593A00C6FAC8 /* UITraitCollection+Inverted.swift */; };
		34269D6625F45FC200C6FAC8 /* BackgroundView.swift in Sources */ = {isa = PBXBuildFile; fileRef = 34269D6525F45FC200C6FAC8 /* BackgroundView.swift */; };
		34269D6B25F5884700C6FAC8 /* FooterCell.swift in Sources */ = {isa = PBXBuildFile; fileRef = 34269D6A25F5884700C6FAC8 /* FooterCell.swift */; };
		342D83DA25ED403400D7103F /* SmallSquareCell.swift in Sources */ = {isa = PBXBuildFile; fileRef = 342D83D925ED403400D7103F /* SmallSquareCell.swift */; };
		342D83DD25ED46D200D7103F /* NSCollectioViewLayout+Layouts.swift in Sources */ = {isa = PBXBuildFile; fileRef = 342D83DC25ED46D200D7103F /* NSCollectioViewLayout+Layouts.swift */; };
		342D83E425EF245400D7103F /* ContentCell.swift in Sources */ = {isa = PBXBuildFile; fileRef = 342D83E325EF245400D7103F /* ContentCell.swift */; };
		342D83E725EF275200D7103F /* LargeSquareCell.swift in Sources */ = {isa = PBXBuildFile; fileRef = 342D83E625EF275200D7103F /* LargeSquareCell.swift */; };
		342D83EA25EFE5AC00D7103F /* SectionHeader.swift in Sources */ = {isa = PBXBuildFile; fileRef = 342D83E925EFE5AC00D7103F /* SectionHeader.swift */; };
		3445720925EAE68D000DD22D /* AppDelegate.swift in Sources */ = {isa = PBXBuildFile; fileRef = 3445720825EAE68D000DD22D /* AppDelegate.swift */; };
		3445720B25EAE68D000DD22D /* SceneDelegate.swift in Sources */ = {isa = PBXBuildFile; fileRef = 3445720A25EAE68D000DD22D /* SceneDelegate.swift */; };
		3445720D25EAE68D000DD22D /* HomeViewController.swift in Sources */ = {isa = PBXBuildFile; fileRef = 3445720C25EAE68D000DD22D /* HomeViewController.swift */; };
		3445721025EAE68D000DD22D /* Main.storyboard in Resources */ = {isa = PBXBuildFile; fileRef = 3445720E25EAE68D000DD22D /* Main.storyboard */; };
		3445721525EAE68F000DD22D /* LaunchScreen.storyboard in Resources */ = {isa = PBXBuildFile; fileRef = 3445721325EAE68F000DD22D /* LaunchScreen.storyboard */; };
		3445721F25EAEC94000DD22D /* Assets.xcassets in Resources */ = {isa = PBXBuildFile; fileRef = 3445721E25EAEC94000DD22D /* Assets.xcassets */; };
		3445722725EAEE0F000DD22D /* Anchorage in Frameworks */ = {isa = PBXBuildFile; productRef = 3445722625EAEE0F000DD22D /* Anchorage */; };
		3445722A25EAEE2D000DD22D /* ProgrammaticView.swift in Sources */ = {isa = PBXBuildFile; fileRef = 3445722925EAEE2D000DD22D /* ProgrammaticView.swift */; };
		3445722E25EAF074000DD22D /* UIView+Helpers.swift in Sources */ = {isa = PBXBuildFile; fileRef = 3445722D25EAF074000DD22D /* UIView+Helpers.swift */; };
		3445723125EAF0DF000DD22D /* UIStackView+Helpers.swift in Sources */ = {isa = PBXBuildFile; fileRef = 3445723025EAF0DF000DD22D /* UIStackView+Helpers.swift */; };
		3445723425EAF103000DD22D /* UIImage+Helpers.swift in Sources */ = {isa = PBXBuildFile; fileRef = 3445723325EAF103000DD22D /* UIImage+Helpers.swift */; };
		3445723725EAF119000DD22D /* UIFont+Custom.swift in Sources */ = {isa = PBXBuildFile; fileRef = 3445723625EAF119000DD22D /* UIFont+Custom.swift */; };
		3445723A25EAF1DA000DD22D /* HomeView.swift in Sources */ = {isa = PBXBuildFile; fileRef = 3445723925EAF1DA000DD22D /* HomeView.swift */; };
		3445723F25EAF481000DD22D /* HeaderView.swift in Sources */ = {isa = PBXBuildFile; fileRef = 3445723E25EAF481000DD22D /* HeaderView.swift */; };
		3445724325EAF576000DD22D /* Content.swift in Sources */ = {isa = PBXBuildFile; fileRef = 3445724225EAF576000DD22D /* Content.swift */; };
/* End PBXBuildFile section */

/* Begin PBXFileReference section */
		34269D5E25F458D200C6FAC8 /* UIColor+Inverted.swift */ = {isa = PBXFileReference; lastKnownFileType = sourcecode.swift; path = "UIColor+Inverted.swift"; sourceTree = "<group>"; };
		34269D6125F4593A00C6FAC8 /* UITraitCollection+Inverted.swift */ = {isa = PBXFileReference; lastKnownFileType = sourcecode.swift; path = "UITraitCollection+Inverted.swift"; sourceTree = "<group>"; };
		34269D6525F45FC200C6FAC8 /* BackgroundView.swift */ = {isa = PBXFileReference; lastKnownFileType = sourcecode.swift; path = BackgroundView.swift; sourceTree = "<group>"; };
		34269D6A25F5884700C6FAC8 /* FooterCell.swift */ = {isa = PBXFileReference; lastKnownFileType = sourcecode.swift; path = FooterCell.swift; sourceTree = "<group>"; };
		342D83D925ED403400D7103F /* SmallSquareCell.swift */ = {isa = PBXFileReference; lastKnownFileType = sourcecode.swift; path = SmallSquareCell.swift; sourceTree = "<group>"; };
		342D83DC25ED46D200D7103F /* NSCollectioViewLayout+Layouts.swift */ = {isa = PBXFileReference; lastKnownFileType = sourcecode.swift; path = "NSCollectioViewLayout+Layouts.swift"; sourceTree = "<group>"; };
		342D83E325EF245400D7103F /* ContentCell.swift */ = {isa = PBXFileReference; lastKnownFileType = sourcecode.swift; path = ContentCell.swift; sourceTree = "<group>"; };
		342D83E625EF275200D7103F /* LargeSquareCell.swift */ = {isa = PBXFileReference; lastKnownFileType = sourcecode.swift; path = LargeSquareCell.swift; sourceTree = "<group>"; };
		342D83E925EFE5AC00D7103F /* SectionHeader.swift */ = {isa = PBXFileReference; lastKnownFileType = sourcecode.swift; path = SectionHeader.swift; sourceTree = "<group>"; };
		3445720525EAE68D000DD22D /* Airbnb Home.app */ = {isa = PBXFileReference; explicitFileType = wrapper.application; includeInIndex = 0; path = "Airbnb Home.app"; sourceTree = BUILT_PRODUCTS_DIR; };
		3445720825EAE68D000DD22D /* AppDelegate.swift */ = {isa = PBXFileReference; lastKnownFileType = sourcecode.swift; path = AppDelegate.swift; sourceTree = "<group>"; };
		3445720A25EAE68D000DD22D /* SceneDelegate.swift */ = {isa = PBXFileReference; lastKnownFileType = sourcecode.swift; path = SceneDelegate.swift; sourceTree = "<group>"; };
		3445720C25EAE68D000DD22D /* HomeViewController.swift */ = {isa = PBXFileReference; lastKnownFileType = sourcecode.swift; path = HomeViewController.swift; sourceTree = "<group>"; };
		3445720F25EAE68D000DD22D /* Base */ = {isa = PBXFileReference; lastKnownFileType = file.storyboard; name = Base; path = Base.lproj/Main.storyboard; sourceTree = "<group>"; };
		3445721425EAE68F000DD22D /* Base */ = {isa = PBXFileReference; lastKnownFileType = file.storyboard; name = Base; path = Base.lproj/LaunchScreen.storyboard; sourceTree = "<group>"; };
		3445721625EAE68F000DD22D /* Info.plist */ = {isa = PBXFileReference; lastKnownFileType = text.plist.xml; path = Info.plist; sourceTree = "<group>"; };
		3445721E25EAEC94000DD22D /* Assets.xcassets */ = {isa = PBXFileReference; lastKnownFileType = folder.assetcatalog; path = Assets.xcassets; sourceTree = "<group>"; };
		3445722925EAEE2D000DD22D /* ProgrammaticView.swift */ = {isa = PBXFileReference; lastKnownFileType = sourcecode.swift; path = ProgrammaticView.swift; sourceTree = "<group>"; };
		3445722D25EAF074000DD22D /* UIView+Helpers.swift */ = {isa = PBXFileReference; lastKnownFileType = sourcecode.swift; path = "UIView+Helpers.swift"; sourceTree = "<group>"; };
		3445723025EAF0DF000DD22D /* UIStackView+Helpers.swift */ = {isa = PBXFileReference; lastKnownFileType = sourcecode.swift; path = "UIStackView+Helpers.swift"; sourceTree = "<group>"; };
		3445723325EAF103000DD22D /* UIImage+Helpers.swift */ = {isa = PBXFileReference; lastKnownFileType = sourcecode.swift; path = "UIImage+Helpers.swift"; sourceTree = "<group>"; };
		3445723625EAF119000DD22D /* UIFont+Custom.swift */ = {isa = PBXFileReference; lastKnownFileType = sourcecode.swift; path = "UIFont+Custom.swift"; sourceTree = "<group>"; };
		3445723925EAF1DA000DD22D /* HomeView.swift */ = {isa = PBXFileReference; lastKnownFileType = sourcecode.swift; path = HomeView.swift; sourceTree = "<group>"; };
		3445723E25EAF481000DD22D /* HeaderView.swift */ = {isa = PBXFileReference; lastKnownFileType = sourcecode.swift; path = HeaderView.swift; sourceTree = "<group>"; };
		3445724225EAF576000DD22D /* Content.swift */ = {isa = PBXFileReference; lastKnownFileType = sourcecode.swift; path = Content.swift; sourceTree = "<group>"; };
/* End PBXFileReference section */

/* Begin PBXFrameworksBuildPhase section */
		3445720225EAE68D000DD22D /* Frameworks */ = {
			isa = PBXFrameworksBuildPhase;
			buildActionMask = 2147483647;
			files = (
				3445722725EAEE0F000DD22D /* Anchorage in Frameworks */,
			);
			runOnlyForDeploymentPostprocessing = 0;
		};
/* End PBXFrameworksBuildPhase section */

/* Begin PBXGroup section */
		342D83D825ED402200D7103F /* Collection View Elements */ = {
			isa = PBXGroup;
			children = (
				342D83D925ED403400D7103F /* SmallSquareCell.swift */,
				342D83DC25ED46D200D7103F /* NSCollectioViewLayout+Layouts.swift */,
				342D83E325EF245400D7103F /* ContentCell.swift */,
				342D83E625EF275200D7103F /* LargeSquareCell.swift */,
				342D83E925EFE5AC00D7103F /* SectionHeader.swift */,
				34269D6525F45FC200C6FAC8 /* BackgroundView.swift */,
				34269D6A25F5884700C6FAC8 /* FooterCell.swift */,
			);
			path = "Collection View Elements";
			sourceTree = "<group>";
		};
		344571FC25EAE68D000DD22D = {
			isa = PBXGroup;
			children = (
				3445720725EAE68D000DD22D /* Airbnb Home */,
				3445720625EAE68D000DD22D /* Products */,
			);
			sourceTree = "<group>";
		};
		3445720625EAE68D000DD22D /* Products */ = {
			isa = PBXGroup;
			children = (
				3445720525EAE68D000DD22D /* Airbnb Home.app */,
			);
			name = Products;
			sourceTree = "<group>";
		};
		3445720725EAE68D000DD22D /* Airbnb Home */ = {
			isa = PBXGroup;
			children = (
				342D83D825ED402200D7103F /* Collection View Elements */,
				3445724125EAF569000DD22D /* Models */,
				3445722C25EAF05D000DD22D /* Extensions */,
				3445722225EAED44000DD22D /* Resources */,
				3445720C25EAE68D000DD22D /* HomeViewController.swift */,
				3445723925EAF1DA000DD22D /* HomeView.swift */,
				3445722925EAEE2D000DD22D /* ProgrammaticView.swift */,
				3445723E25EAF481000DD22D /* HeaderView.swift */,
			);
			path = "Airbnb Home";
			sourceTree = "<group>";
		};
		3445722225EAED44000DD22D /* Resources */ = {
			isa = PBXGroup;
			children = (
				3445720825EAE68D000DD22D /* AppDelegate.swift */,
				3445720A25EAE68D000DD22D /* SceneDelegate.swift */,
				3445720E25EAE68D000DD22D /* Main.storyboard */,
				3445721E25EAEC94000DD22D /* Assets.xcassets */,
				3445721325EAE68F000DD22D /* LaunchScreen.storyboard */,
				3445721625EAE68F000DD22D /* Info.plist */,
			);
			path = Resources;
			sourceTree = "<group>";
		};
		3445722C25EAF05D000DD22D /* Extensions */ = {
			isa = PBXGroup;
			children = (
				3445722D25EAF074000DD22D /* UIView+Helpers.swift */,
				3445723025EAF0DF000DD22D /* UIStackView+Helpers.swift */,
				3445723325EAF103000DD22D /* UIImage+Helpers.swift */,
				3445723625EAF119000DD22D /* UIFont+Custom.swift */,
				34269D6125F4593A00C6FAC8 /* UITraitCollection+Inverted.swift */,
				34269D5E25F458D200C6FAC8 /* UIColor+Inverted.swift */,
			);
			path = Extensions;
			sourceTree = "<group>";
		};
		3445724125EAF569000DD22D /* Models */ = {
			isa = PBXGroup;
			children = (
				3445724225EAF576000DD22D /* Content.swift */,
			);
			path = Models;
			sourceTree = "<group>";
		};
/* End PBXGroup section */

/* Begin PBXNativeTarget section */
		3445720425EAE68D000DD22D /* Airbnb Home */ = {
			isa = PBXNativeTarget;
			buildConfigurationList = 3445721925EAE68F000DD22D /* Build configuration list for PBXNativeTarget "Airbnb Home" */;
			buildPhases = (
				3445720125EAE68D000DD22D /* Sources */,
				3445720225EAE68D000DD22D /* Frameworks */,
				3445720325EAE68D000DD22D /* Resources */,
			);
			buildRules = (
			);
			dependencies = (
			);
			name = "Airbnb Home";
			packageProductDependencies = (
				3445722625EAEE0F000DD22D /* Anchorage */,
			);
			productName = "Airbnb Home";
			productReference = 3445720525EAE68D000DD22D /* Airbnb Home.app */;
			productType = "com.apple.product-type.application";
		};
/* End PBXNativeTarget section */

/* Begin PBXProject section */
		344571FD25EAE68D000DD22D /* Project object */ = {
			isa = PBXProject;
			attributes = {
				LastSwiftUpdateCheck = 1240;
				LastUpgradeCheck = 1240;
				TargetAttributes = {
					3445720425EAE68D000DD22D = {
						CreatedOnToolsVersion = 12.4;
					};
				};
			};
			buildConfigurationList = 3445720025EAE68D000DD22D /* Build configuration list for PBXProject "Airbnb Home" */;
			compatibilityVersion = "Xcode 9.3";
			developmentRegion = en;
			hasScannedForEncodings = 0;
			knownRegions = (
				en,
				Base,
			);
			mainGroup = 344571FC25EAE68D000DD22D;
			packageReferences = (
				3445722525EAEE0F000DD22D /* XCRemoteSwiftPackageReference "Anchorage" */,
			);
			productRefGroup = 3445720625EAE68D000DD22D /* Products */;
			projectDirPath = "";
			projectRoot = "";
			targets = (
				3445720425EAE68D000DD22D /* Airbnb Home */,
			);
		};
/* End PBXProject section */

/* Begin PBXResourcesBuildPhase section */
		3445720325EAE68D000DD22D /* Resources */ = {
			isa = PBXResourcesBuildPhase;
			buildActionMask = 2147483647;
			files = (
				3445721525EAE68F000DD22D /* LaunchScreen.storyboard in Resources */,
				3445721F25EAEC94000DD22D /* Assets.xcassets in Resources */,
				3445721025EAE68D000DD22D /* Main.storyboard in Resources */,
			);
			runOnlyForDeploymentPostprocessing = 0;
		};
/* End PBXResourcesBuildPhase section */

/* Begin PBXSourcesBuildPhase section */
		3445720125EAE68D000DD22D /* Sources */ = {
			isa = PBXSourcesBuildPhase;
			buildActionMask = 2147483647;
			files = (
				34269D5F25F458D200C6FAC8 /* UIColor+Inverted.swift in Sources */,
				3445723A25EAF1DA000DD22D /* HomeView.swift in Sources */,
				342D83E425EF245400D7103F /* ContentCell.swift in Sources */,
				342D83E725EF275200D7103F /* LargeSquareCell.swift in Sources */,
				3445722E25EAF074000DD22D /* UIView+Helpers.swift in Sources */,
				342D83DA25ED403400D7103F /* SmallSquareCell.swift in Sources */,
				3445723725EAF119000DD22D /* UIFont+Custom.swift in Sources */,
				3445724325EAF576000DD22D /* Content.swift in Sources */,
				3445720D25EAE68D000DD22D /* HomeViewController.swift in Sources */,
				3445720925EAE68D000DD22D /* AppDelegate.swift in Sources */,
				34269D6B25F5884700C6FAC8 /* FooterCell.swift in Sources */,
				3445723F25EAF481000DD22D /* HeaderView.swift in Sources */,
				3445723425EAF103000DD22D /* UIImage+Helpers.swift in Sources */,
				3445723125EAF0DF000DD22D /* UIStackView+Helpers.swift in Sources */,
				342D83EA25EFE5AC00D7103F /* SectionHeader.swift in Sources */,
				34269D6225F4593A00C6FAC8 /* UITraitCollection+Inverted.swift in Sources */,
				342D83DD25ED46D200D7103F /* NSCollectioViewLayout+Layouts.swift in Sources */,
				3445722A25EAEE2D000DD22D /* ProgrammaticView.swift in Sources */,
				34269D6625F45FC200C6FAC8 /* BackgroundView.swift in Sources */,
				3445720B25EAE68D000DD22D /* SceneDelegate.swift in Sources */,
			);
			runOnlyForDeploymentPostprocessing = 0;
		};
/* End PBXSourcesBuildPhase section */

/* Begin PBXVariantGroup section */
		3445720E25EAE68D000DD22D /* Main.storyboard */ = {
			isa = PBXVariantGroup;
			children = (
				3445720F25EAE68D000DD22D /* Base */,
			);
			name = Main.storyboard;
			sourceTree = "<group>";
		};
		3445721325EAE68F000DD22D /* LaunchScreen.storyboard */ = {
			isa = PBXVariantGroup;
			children = (
				3445721425EAE68F000DD22D /* Base */,
			);
			name = LaunchScreen.storyboard;
			sourceTree = "<group>";
		};
/* End PBXVariantGroup section */

/* Begin XCBuildConfiguration section */
		3445721725EAE68F000DD22D /* Debug */ = {
			isa = XCBuildConfiguration;
			buildSettings = {
				ALWAYS_SEARCH_USER_PATHS = NO;
				CLANG_ANALYZER_NONNULL = YES;
				CLANG_ANALYZER_NUMBER_OBJECT_CONVERSION = YES_AGGRESSIVE;
				CLANG_CXX_LANGUAGE_STANDARD = "gnu++14";
				CLANG_CXX_LIBRARY = "libc++";
				CLANG_ENABLE_MODULES = YES;
				CLANG_ENABLE_OBJC_ARC = YES;
				CLANG_ENABLE_OBJC_WEAK = YES;
				CLANG_WARN_BLOCK_CAPTURE_AUTORELEASING = YES;
				CLANG_WARN_BOOL_CONVERSION = YES;
				CLANG_WARN_COMMA = YES;
				CLANG_WARN_CONSTANT_CONVERSION = YES;
				CLANG_WARN_DEPRECATED_OBJC_IMPLEMENTATIONS = YES;
				CLANG_WARN_DIRECT_OBJC_ISA_USAGE = YES_ERROR;
				CLANG_WARN_DOCUMENTATION_COMMENTS = YES;
				CLANG_WARN_EMPTY_BODY = YES;
				CLANG_WARN_ENUM_CONVERSION = YES;
				CLANG_WARN_INFINITE_RECURSION = YES;
				CLANG_WARN_INT_CONVERSION = YES;
				CLANG_WARN_NON_LITERAL_NULL_CONVERSION = YES;
				CLANG_WARN_OBJC_IMPLICIT_RETAIN_SELF = YES;
				CLANG_WARN_OBJC_LITERAL_CONVERSION = YES;
				CLANG_WARN_OBJC_ROOT_CLASS = YES_ERROR;
				CLANG_WARN_QUOTED_INCLUDE_IN_FRAMEWORK_HEADER = YES;
				CLANG_WARN_RANGE_LOOP_ANALYSIS = YES;
				CLANG_WARN_STRICT_PROTOTYPES = YES;
				CLANG_WARN_SUSPICIOUS_MOVE = YES;
				CLANG_WARN_UNGUARDED_AVAILABILITY = YES_AGGRESSIVE;
				CLANG_WARN_UNREACHABLE_CODE = YES;
				CLANG_WARN__DUPLICATE_METHOD_MATCH = YES;
				COPY_PHASE_STRIP = NO;
				DEBUG_INFORMATION_FORMAT = dwarf;
				ENABLE_STRICT_OBJC_MSGSEND = YES;
				ENABLE_TESTABILITY = YES;
				GCC_C_LANGUAGE_STANDARD = gnu11;
				GCC_DYNAMIC_NO_PIC = NO;
				GCC_NO_COMMON_BLOCKS = YES;
				GCC_OPTIMIZATION_LEVEL = 0;
				GCC_PREPROCESSOR_DEFINITIONS = (
					"DEBUG=1",
					"$(inherited)",
				);
				GCC_WARN_64_TO_32_BIT_CONVERSION = YES;
				GCC_WARN_ABOUT_RETURN_TYPE = YES_ERROR;
				GCC_WARN_UNDECLARED_SELECTOR = YES;
				GCC_WARN_UNINITIALIZED_AUTOS = YES_AGGRESSIVE;
				GCC_WARN_UNUSED_FUNCTION = YES;
				GCC_WARN_UNUSED_VARIABLE = YES;
				IPHONEOS_DEPLOYMENT_TARGET = 14.4;
				MTL_ENABLE_DEBUG_INFO = INCLUDE_SOURCE;
				MTL_FAST_MATH = YES;
				ONLY_ACTIVE_ARCH = YES;
				SDKROOT = iphoneos;
				SWIFT_ACTIVE_COMPILATION_CONDITIONS = DEBUG;
				SWIFT_OPTIMIZATION_LEVEL = "-Onone";
			};
			name = Debug;
		};
		3445721825EAE68F000DD22D /* Release */ = {
			isa = XCBuildConfiguration;
			buildSettings = {
				ALWAYS_SEARCH_USER_PATHS = NO;
				CLANG_ANALYZER_NONNULL = YES;
				CLANG_ANALYZER_NUMBER_OBJECT_CONVERSION = YES_AGGRESSIVE;
				CLANG_CXX_LANGUAGE_STANDARD = "gnu++14";
				CLANG_CXX_LIBRARY = "libc++";
				CLANG_ENABLE_MODULES = YES;
				CLANG_ENABLE_OBJC_ARC = YES;
				CLANG_ENABLE_OBJC_WEAK = YES;
				CLANG_WARN_BLOCK_CAPTURE_AUTORELEASING = YES;
				CLANG_WARN_BOOL_CONVERSION = YES;
				CLANG_WARN_COMMA = YES;
				CLANG_WARN_CONSTANT_CONVERSION = YES;
				CLANG_WARN_DEPRECATED_OBJC_IMPLEMENTATIONS = YES;
				CLANG_WARN_DIRECT_OBJC_ISA_USAGE = YES_ERROR;
				CLANG_WARN_DOCUMENTATION_COMMENTS = YES;
				CLANG_WARN_EMPTY_BODY = YES;
				CLANG_WARN_ENUM_CONVERSION = YES;
				CLANG_WARN_INFINITE_RECURSION = YES;
				CLANG_WARN_INT_CONVERSION = YES;
				CLANG_WARN_NON_LITERAL_NULL_CONVERSION = YES;
				CLANG_WARN_OBJC_IMPLICIT_RETAIN_SELF = YES;
				CLANG_WARN_OBJC_LITERAL_CONVERSION = YES;
				CLANG_WARN_OBJC_ROOT_CLASS = YES_ERROR;
				CLANG_WARN_QUOTED_INCLUDE_IN_FRAMEWORK_HEADER = YES;
				CLANG_WARN_RANGE_LOOP_ANALYSIS = YES;
				CLANG_WARN_STRICT_PROTOTYPES = YES;
				CLANG_WARN_SUSPICIOUS_MOVE = YES;
				CLANG_WARN_UNGUARDED_AVAILABILITY = YES_AGGRESSIVE;
				CLANG_WARN_UNREACHABLE_CODE = YES;
				CLANG_WARN__DUPLICATE_METHOD_MATCH = YES;
				COPY_PHASE_STRIP = NO;
				DEBUG_INFORMATION_FORMAT = "dwarf-with-dsym";
				ENABLE_NS_ASSERTIONS = NO;
				ENABLE_STRICT_OBJC_MSGSEND = YES;
				GCC_C_LANGUAGE_STANDARD = gnu11;
				GCC_NO_COMMON_BLOCKS = YES;
				GCC_WARN_64_TO_32_BIT_CONVERSION = YES;
				GCC_WARN_ABOUT_RETURN_TYPE = YES_ERROR;
				GCC_WARN_UNDECLARED_SELECTOR = YES;
				GCC_WARN_UNINITIALIZED_AUTOS = YES_AGGRESSIVE;
				GCC_WARN_UNUSED_FUNCTION = YES;
				GCC_WARN_UNUSED_VARIABLE = YES;
				IPHONEOS_DEPLOYMENT_TARGET = 14.4;
				MTL_ENABLE_DEBUG_INFO = NO;
				MTL_FAST_MATH = YES;
				SDKROOT = iphoneos;
				SWIFT_COMPILATION_MODE = wholemodule;
				SWIFT_OPTIMIZATION_LEVEL = "-O";
				VALIDATE_PRODUCT = YES;
			};
			name = Release;
		};
		3445721A25EAE68F000DD22D /* Debug */ = {
			isa = XCBuildConfiguration;
			buildSettings = {
				ASSETCATALOG_COMPILER_APPICON_NAME = AppIcon;
				ASSETCATALOG_COMPILER_GLOBAL_ACCENT_COLOR_NAME = AccentColor;
				CODE_SIGN_STYLE = Automatic;
				DEVELOPMENT_TEAM = M4QVC2VWNY;
				INFOPLIST_FILE = "Airbnb Home/Resources/Info.plist";
				LD_RUNPATH_SEARCH_PATHS = (
					"$(inherited)",
					"@executable_path/Frameworks",
				);
				PRODUCT_BUNDLE_IDENTIFIER = "com.dillon-mce.Airbnb-Home";
				PRODUCT_NAME = "$(TARGET_NAME)";
				SWIFT_VERSION = 5.0;
				TARGETED_DEVICE_FAMILY = "1,2";
			};
			name = Debug;
		};
		3445721B25EAE68F000DD22D /* Release */ = {
			isa = XCBuildConfiguration;
			buildSettings = {
				ASSETCATALOG_COMPILER_APPICON_NAME = AppIcon;
				ASSETCATALOG_COMPILER_GLOBAL_ACCENT_COLOR_NAME = AccentColor;
				CODE_SIGN_STYLE = Automatic;
				DEVELOPMENT_TEAM = M4QVC2VWNY;
				INFOPLIST_FILE = "Airbnb Home/Resources/Info.plist";
				LD_RUNPATH_SEARCH_PATHS = (
					"$(inherited)",
					"@executable_path/Frameworks",
				);
				PRODUCT_BUNDLE_IDENTIFIER = "com.dillon-mce.Airbnb-Home";
				PRODUCT_NAME = "$(TARGET_NAME)";
				SWIFT_VERSION = 5.0;
				TARGETED_DEVICE_FAMILY = "1,2";
			};
			name = Release;
		};
/* End XCBuildConfiguration section */

/* Begin XCConfigurationList section */
		3445720025EAE68D000DD22D /* Build configuration list for PBXProject "Airbnb Home" */ = {
			isa = XCConfigurationList;
			buildConfigurations = (
				3445721725EAE68F000DD22D /* Debug */,
				3445721825EAE68F000DD22D /* Release */,
			);
			defaultConfigurationIsVisible = 0;
			defaultConfigurationName = Release;
		};
		3445721925EAE68F000DD22D /* Build configuration list for PBXNativeTarget "Airbnb Home" */ = {
			isa = XCConfigurationList;
			buildConfigurations = (
				3445721A25EAE68F000DD22D /* Debug */,
				3445721B25EAE68F000DD22D /* Release */,
			);
			defaultConfigurationIsVisible = 0;
			defaultConfigurationName = Release;
		};
/* End XCConfigurationList section */

/* Begin XCRemoteSwiftPackageReference section */
		3445722525EAEE0F000DD22D /* XCRemoteSwiftPackageReference "Anchorage" */ = {
			isa = XCRemoteSwiftPackageReference;
			repositoryURL = "https://github.com/Rightpoint/Anchorage.git";
			requirement = {
				kind = upToNextMajorVersion;
				minimumVersion = 4.5.0;
			};
		};
/* End XCRemoteSwiftPackageReference section */

/* Begin XCSwiftPackageProductDependency section */
		3445722625EAEE0F000DD22D /* Anchorage */ = {
			isa = XCSwiftPackageProductDependency;
			package = 3445722525EAEE0F000DD22D /* XCRemoteSwiftPackageReference "Anchorage" */;
			productName = Anchorage;
		};
/* End XCSwiftPackageProductDependency section */
	};
	rootObject = 344571FD25EAE68D000DD22D /* Project object */;
}
